
Microsoft Visual Studio Solution File, Format Version 12.00
# Visual Studio Version 17
VisualStudioVersion = 17.2.32630.192
MinimumVisualStudioVersion = 10.0.40219.1
Project("{FAE04EC0-301F-11D3-BF4B-00C04F79EFBC}") = "UserRegistration", "UserRegistration\UserRegistration.csproj", "{98846591-FC55-4D27-B8EE-44F0CFD3C68C}"
EndProject
Global
	GlobalSection(SolutionConfigurationPlatforms) = preSolution
		Debug|Any CPU = Debug|Any CPU
		Release|Any CPU = Release|Any CPU
	EndGlobalSection
	GlobalSection(ProjectConfigurationPlatforms) = postSolution
		{98846591-FC55-4D27-B8EE-44F0CFD3C68C}.Debug|Any CPU.ActiveCfg = Debug|Any CPU
		{98846591-FC55-4D27-B8EE-44F0CFD3C68C}.Debug|Any CPU.Build.0 = Debug|Any CPU
		{98846591-FC55-4D27-B8EE-44F0CFD3C68C}.Release|Any CPU.ActiveCfg = Release|Any CPU
		{98846591-FC55-4D27-B8EE-44F0CFD3C68C}.Release|Any CPU.Build.0 = Release|Any CPU
	EndGlobalSection
	GlobalSection(SolutionProperties) = preSolution
		HideSolutionNode = FALSE
	EndGlobalSection
	GlobalSection(ExtensibilityGlobals) = postSolution
		SolutionGuid = {7D32DF65-84AD-4F18-94A2-C0E810374DCD}
	EndGlobalSection
EndGlobal
